
Microsoft Visual Studio Solution File, Format Version 12.00
# Visual Studio 15
VisualStudioVersion = 15.0.28307.271
MinimumVisualStudioVersion = 10.0.40219.1
Project("{FAE04EC0-301F-11D3-BF4B-00C04F79EFBC}") = "AutoSymSwitch", "AutoSymSwitch\AutoSymSwitch.csproj", "{E189759A-5F82-4F7C-AF75-99D8B321A32E}"
EndProject
Project("{FAE04EC0-301F-11D3-BF4B-00C04F79EFBC}") = "AutoSymSwitchService", "AutoSymSwitchService\AutoSymSwitchService.csproj", "{B716C7EB-856C-44F5-A295-125C2EA38041}"
EndProject
Global
	GlobalSection(SolutionConfigurationPlatforms) = preSolution
		Debug|Any CPU = Debug|Any CPU
		Release|Any CPU = Release|Any CPU
	EndGlobalSection
	GlobalSection(ProjectConfigurationPlatforms) = postSolution
		{E189759A-5F82-4F7C-AF75-99D8B321A32E}.Debug|Any CPU.ActiveCfg = Debug|Any CPU
		{E189759A-5F82-4F7C-AF75-99D8B321A32E}.Debug|Any CPU.Build.0 = Debug|Any CPU
		{E189759A-5F82-4F7C-AF75-99D8B321A32E}.Release|Any CPU.ActiveCfg = Release|Any CPU
		{E189759A-5F82-4F7C-AF75-99D8B321A32E}.Release|Any CPU.Build.0 = Release|Any CPU
		{B716C7EB-856C-44F5-A295-125C2EA38041}.Debug|Any CPU.ActiveCfg = Debug|Any CPU
		{B716C7EB-856C-44F5-A295-125C2EA38041}.Debug|Any CPU.Build.0 = Debug|Any CPU
		{B716C7EB-856C-44F5-A295-125C2EA38041}.Release|Any CPU.ActiveCfg = Release|Any CPU
		{B716C7EB-856C-44F5-A295-125C2EA38041}.Release|Any CPU.Build.0 = Release|Any CPU
	EndGlobalSection
	GlobalSection(SolutionProperties) = preSolution
		HideSolutionNode = FALSE
	EndGlobalSection
	GlobalSection(ExtensibilityGlobals) = postSolution
		SolutionGuid = {16458E83-2B48-47EE-BC29-39AA10931AA9}
	EndGlobalSection
EndGlobal
